
Microsoft Visual Studio Solution File, Format Version 12.00
# Visual Studio Version 16
VisualStudioVersion = 16.0.31613.86
MinimumVisualStudioVersion = 10.0.40219.1
Project("{9A19103F-16F7-4668-BE54-9A1E7A4F7556}") = "chess", "chess\chess.csproj", "{34406B26-ED3B-4499-BC61-ED5A62259237}"
EndProject
Project("{54435603-DBB4-11D2-8724-00A0C9A8B90C}") = "Setup", "Setup\Setup.vdproj", "{19C068E5-6B7D-4695-8466-686461F0D85B}"
EndProject
Global
	GlobalSection(SolutionConfigurationPlatforms) = preSolution
		Debug|Any CPU = Debug|Any CPU
		Release|Any CPU = Release|Any CPU
	EndGlobalSection
	GlobalSection(ProjectConfigurationPlatforms) = postSolution
		{34406B26-ED3B-4499-BC61-ED5A62259237}.Debug|Any CPU.ActiveCfg = Debug|Any CPU
		{34406B26-ED3B-4499-BC61-ED5A62259237}.Debug|Any CPU.Build.0 = Debug|Any CPU
		{34406B26-ED3B-4499-BC61-ED5A62259237}.Release|Any CPU.ActiveCfg = Release|Any CPU
		{34406B26-ED3B-4499-BC61-ED5A62259237}.Release|Any CPU.Build.0 = Release|Any CPU
		{19C068E5-6B7D-4695-8466-686461F0D85B}.Debug|Any CPU.ActiveCfg = Debug
		{19C068E5-6B7D-4695-8466-686461F0D85B}.Release|Any CPU.ActiveCfg = Release
	EndGlobalSection
	GlobalSection(SolutionProperties) = preSolution
		HideSolutionNode = FALSE
	EndGlobalSection
	GlobalSection(ExtensibilityGlobals) = postSolution
		SolutionGuid = {16986443-F993-4FCF-995B-910434E350C7}
	EndGlobalSection
EndGlobal
